// !$*UTF8*$!
{
	archiveVersion = 1;
	classes = {
	};
	objectVersion = 50;
	objects = {

/* Begin PBXBuildFile section */
		54F92570225BFEF1008F879B /* AppDelegate.swift in Sources */ = {isa = PBXBuildFile; fileRef = 54F9256F225BFEF1008F879B /* AppDelegate.swift */; };
		54F92572225BFEF1008F879B /* ViewController.swift in Sources */ = {isa = PBXBuildFile; fileRef = 54F92571225BFEF1008F879B /* ViewController.swift */; };
		54F92575225BFEF1008F879B /* Main.storyboard in Resources */ = {isa = PBXBuildFile; fileRef = 54F92573225BFEF1008F879B /* Main.storyboard */; };
		54F92577225BFEF5008F879B /* Assets.xcassets in Resources */ = {isa = PBXBuildFile; fileRef = 54F92576225BFEF5008F879B /* Assets.xcassets */; };
		54F9257A225BFEF5008F879B /* LaunchScreen.storyboard in Resources */ = {isa = PBXBuildFile; fileRef = 54F92578225BFEF5008F879B /* LaunchScreen.storyboard */; };
		54F92585225BFEF5008F879B /* TipperTests.swift in Sources */ = {isa = PBXBuildFile; fileRef = 54F92584225BFEF5008F879B /* TipperTests.swift */; };
		54F92590225BFEF5008F879B /* TipperUITests.swift in Sources */ = {isa = PBXBuildFile; fileRef = 54F9258F225BFEF5008F879B /* TipperUITests.swift */; };
/* End PBXBuildFile section */

/* Begin PBXContainerItemProxy section */
		54F92581225BFEF5008F879B /* PBXContainerItemProxy */ = {
			isa = PBXContainerItemProxy;
			containerPortal = 54F92564225BFEF0008F879B /* Project object */;
			proxyType = 1;
			remoteGlobalIDString = 54F9256B225BFEF0008F879B;
			remoteInfo = Tipper;
		};
		54F9258C225BFEF5008F879B /* PBXContainerItemProxy */ = {
			isa = PBXContainerItemProxy;
			containerPortal = 54F92564225BFEF0008F879B /* Project object */;
			proxyType = 1;
			remoteGlobalIDString = 54F9256B225BFEF0008F879B;
			remoteInfo = Tipper;
		};
/* End PBXContainerItemProxy section */

/* Begin PBXFileReference section */
		54F9256C225BFEF0008F879B /* Tipper.app */ = {isa = PBXFileReference; explicitFileType = wrapper.application; includeInIndex = 0; path = Tipper.app; sourceTree = BUILT_PRODUCTS_DIR; };
		54F9256F225BFEF1008F879B /* AppDelegate.swift */ = {isa = PBXFileReference; lastKnownFileType = sourcecode.swift; path = AppDelegate.swift; sourceTree = "<group>"; };
		54F92571225BFEF1008F879B /* ViewController.swift */ = {isa = PBXFileReference; lastKnownFileType = sourcecode.swift; path = ViewController.swift; sourceTree = "<group>"; };
		54F92574225BFEF1008F879B /* Base */ = {isa = PBXFileReference; lastKnownFileType = file.storyboard; name = Base; path = Base.lproj/Main.storyboard; sourceTree = "<group>"; };
		54F92576225BFEF5008F879B /* Assets.xcassets */ = {isa = PBXFileReference; lastKnownFileType = folder.assetcatalog; path = Assets.xcassets; sourceTree = "<group>"; };
		54F92579225BFEF5008F879B /* Base */ = {isa = PBXFileReference; lastKnownFileType = file.storyboard; name = Base; path = Base.lproj/LaunchScreen.storyboard; sourceTree = "<group>"; };
		54F9257B225BFEF5008F879B /* Info.plist */ = {isa = PBXFileReference; lastKnownFileType = text.plist.xml; path = Info.plist; sourceTree = "<group>"; };
		54F92580225BFEF5008F879B /* TipperTests.xctest */ = {isa = PBXFileReference; explicitFileType = wrapper.cfbundle; includeInIndex = 0; path = TipperTests.xctest; sourceTree = BUILT_PRODUCTS_DIR; };
		54F92584225BFEF5008F879B /* TipperTests.swift */ = {isa = PBXFileReference; lastKnownFileType = sourcecode.swift; path = TipperTests.swift; sourceTree = "<group>"; };
		54F92586225BFEF5008F879B /* Info.plist */ = {isa = PBXFileReference; lastKnownFileType = text.plist.xml; path = Info.plist; sourceTree = "<group>"; };
		54F9258B225BFEF5008F879B /* TipperUITests.xctest */ = {isa = PBXFileReference; explicitFileType = wrapper.cfbundle; includeInIndex = 0; path = TipperUITests.xctest; sourceTree = BUILT_PRODUCTS_DIR; };
		54F9258F225BFEF5008F879B /* TipperUITests.swift */ = {isa = PBXFileReference; lastKnownFileType = sourcecode.swift; path = TipperUITests.swift; sourceTree = "<group>"; };
		54F92591225BFEF5008F879B /* Info.plist */ = {isa = PBXFileReference; lastKnownFileType = text.plist.xml; path = Info.plist; sourceTree = "<group>"; };
/* End PBXFileReference section */

/* Begin PBXFrameworksBuildPhase section */
		54F92569225BFEF0008F879B /* Frameworks */ = {
			isa = PBXFrameworksBuildPhase;
			buildActionMask = 2147483647;
			files = (
			);
			runOnlyForDeploymentPostprocessing = 0;
		};
		54F9257D225BFEF5008F879B /* Frameworks */ = {
			isa = PBXFrameworksBuildPhase;
			buildActionMask = 2147483647;
			files = (
			);
			runOnlyForDeploymentPostprocessing = 0;
		};
		54F92588225BFEF5008F879B /* Frameworks */ = {
			isa = PBXFrameworksBuildPhase;
			buildActionMask = 2147483647;
			files = (
			);
			runOnlyForDeploymentPostprocessing = 0;
		};
/* End PBXFrameworksBuildPhase section */

/* Begin PBXGroup section */
		54F92563225BFEF0008F879B = {
			isa = PBXGroup;
			children = (
				54F9256E225BFEF1008F879B /* Tipper */,
				54F92583225BFEF5008F879B /* TipperTests */,
				54F9258E225BFEF5008F879B /* TipperUITests */,
				54F9256D225BFEF0008F879B /* Products */,
			);
			sourceTree = "<group>";
		};
		54F9256D225BFEF0008F879B /* Products */ = {
			isa = PBXGroup;
			children = (
				54F9256C225BFEF0008F879B /* Tipper.app */,
				54F92580225BFEF5008F879B /* TipperTests.xctest */,
				54F9258B225BFEF5008F879B /* TipperUITests.xctest */,
			);
			name = Products;
			sourceTree = "<group>";
		};
		54F9256E225BFEF1008F879B /* Tipper */ = {
			isa = PBXGroup;
			children = (
				54F9256F225BFEF1008F879B /* AppDelegate.swift */,
				54F92571225BFEF1008F879B /* ViewController.swift */,
				54F92573225BFEF1008F879B /* Main.storyboard */,
				54F92576225BFEF5008F879B /* Assets.xcassets */,
				54F92578225BFEF5008F879B /* LaunchScreen.storyboard */,
				54F9257B225BFEF5008F879B /* Info.plist */,
			);
			path = Tipper;
			sourceTree = "<group>";
		};
		54F92583225BFEF5008F879B /* TipperTests */ = {
			isa = PBXGroup;
			children = (
				54F92584225BFEF5008F879B /* TipperTests.swift */,
				54F92586225BFEF5008F879B /* Info.plist */,
			);
			path = TipperTests;
			sourceTree = "<group>";
		};
		54F9258E225BFEF5008F879B /* TipperUITests */ = {
			isa = PBXGroup;
			children = (
				54F9258F225BFEF5008F879B /* TipperUITests.swift */,
				54F92591225BFEF5008F879B /* Info.plist */,
			);
			path = TipperUITests;
			sourceTree = "<group>";
		};
/* End PBXGroup section */

/* Begin PBXNativeTarget section */
		54F9256B225BFEF0008F879B /* Tipper */ = {
			isa = PBXNativeTarget;
			buildConfigurationList = 54F92594225BFEF5008F879B /* Build configuration list for PBXNativeTarget "Tipper" */;
			buildPhases = (
				54F92568225BFEF0008F879B /* Sources */,
				54F92569225BFEF0008F879B /* Frameworks */,
				54F9256A225BFEF0008F879B /* Resources */,
			);
			buildRules = (
			);
			dependencies = (
			);
			name = Tipper;
			productName = Tipper;
			productReference = 54F9256C225BFEF0008F879B /* Tipper.app */;
			productType = "com.apple.product-type.application";
		};
		54F9257F225BFEF5008F879B /* TipperTests */ = {
			isa = PBXNativeTarget;
			buildConfigurationList = 54F92597225BFEF5008F879B /* Build configuration list for PBXNativeTarget "TipperTests" */;
			buildPhases = (
				54F9257C225BFEF5008F879B /* Sources */,
				54F9257D225BFEF5008F879B /* Frameworks */,
				54F9257E225BFEF5008F879B /* Resources */,
			);
			buildRules = (
			);
			dependencies = (
				54F92582225BFEF5008F879B /* PBXTargetDependency */,
			);
			name = TipperTests;
			productName = TipperTests;
			productReference = 54F92580225BFEF5008F879B /* TipperTests.xctest */;
			productType = "com.apple.product-type.bundle.unit-test";
		};
		54F9258A225BFEF5008F879B /* TipperUITests */ = {
			isa = PBXNativeTarget;
			buildConfigurationList = 54F9259A225BFEF5008F879B /* Build configuration list for PBXNativeTarget "TipperUITests" */;
			buildPhases = (
				54F92587225BFEF5008F879B /* Sources */,
				54F92588225BFEF5008F879B /* Frameworks */,
				54F92589225BFEF5008F879B /* Resources */,
			);
			buildRules = (
			);
			dependencies = (
				54F9258D225BFEF5008F879B /* PBXTargetDependency */,
			);
			name = TipperUITests;
			productName = TipperUITests;
			productReference = 54F9258B225BFEF5008F879B /* TipperUITests.xctest */;
			productType = "com.apple.product-type.bundle.ui-testing";
		};
/* End PBXNativeTarget section */

/* Begin PBXProject section */
		54F92564225BFEF0008F879B /* Project object */ = {
			isa = PBXProject;
			attributes = {
				LastSwiftUpdateCheck = 1020;
				LastUpgradeCheck = 1020;
				ORGANIZATIONNAME = "Minh-Tam";
				TargetAttributes = {
					54F9256B225BFEF0008F879B = {
						CreatedOnToolsVersion = 10.2;
					};
					54F9257F225BFEF5008F879B = {
						CreatedOnToolsVersion = 10.2;
						TestTargetID = 54F9256B225BFEF0008F879B;
					};
					54F9258A225BFEF5008F879B = {
						CreatedOnToolsVersion = 10.2;
						TestTargetID = 54F9256B225BFEF0008F879B;
					};
				};
			};
			buildConfigurationList = 54F92567225BFEF0008F879B /* Build configuration list for PBXProject "Tipper" */;
			compatibilityVersion = "Xcode 9.3";
			developmentRegion = en;
			hasScannedForEncodings = 0;
			knownRegions = (
				en,
				Base,
			);
			mainGroup = 54F92563225BFEF0008F879B;
			productRefGroup = 54F9256D225BFEF0008F879B /* Products */;
			projectDirPath = "";
			projectRoot = "";
			targets = (
				54F9256B225BFEF0008F879B /* Tipper */,
				54F9257F225BFEF5008F879B /* TipperTests */,
				54F9258A225BFEF5008F879B /* TipperUITests */,
			);
		};
/* End PBXProject section */

/* Begin PBXResourcesBuildPhase section */
		54F9256A225BFEF0008F879B /* Resources */ = {
			isa = PBXResourcesBuildPhase;
			buildActionMask = 2147483647;
			files = (
				54F9257A225BFEF5008F879B /* LaunchScreen.storyboard in Resources */,
				54F92577225BFEF5008F879B /* Assets.xcassets in Resources */,
				54F92575225BFEF1008F879B /* Main.storyboard in Resources */,
			);
			runOnlyForDeploymentPostprocessing = 0;
		};
		54F9257E225BFEF5008F879B /* Resources */ = {
			isa = PBXResourcesBuildPhase;
			buildActionMask = 2147483647;
			files = (
			);
			runOnlyForDeploymentPostprocessing = 0;
		};
		54F92589225BFEF5008F879B /* Resources */ = {
			isa = PBXResourcesBuildPhase;
			buildActionMask = 2147483647;
			files = (
			);
			runOnlyForDeploymentPostprocessing = 0;
		};
/* End PBXResourcesBuildPhase section */

/* Begin PBXSourcesBuildPhase section */
		54F92568225BFEF0008F879B /* Sources */ = {
			isa = PBXSourcesBuildPhase;
			buildActionMask = 2147483647;
			files = (
				54F92572225BFEF1008F879B /* ViewController.swift in Sources */,
				54F92570225BFEF1008F879B /* AppDelegate.swift in Sources */,
			);
			runOnlyForDeploymentPostprocessing = 0;
		};
		54F9257C225BFEF5008F879B /* Sources */ = {
			isa = PBXSourcesBuildPhase;
			buildActionMask = 2147483647;
			files = (
				54F92585225BFEF5008F879B /* TipperTests.swift in Sources */,
			);
			runOnlyForDeploymentPostprocessing = 0;
		};
		54F92587225BFEF5008F879B /* Sources */ = {
			isa = PBXSourcesBuildPhase;
			buildActionMask = 2147483647;
			files = (
				54F92590225BFEF5008F879B /* TipperUITests.swift in Sources */,
			);
			runOnlyForDeploymentPostprocessing = 0;
		};
/* End PBXSourcesBuildPhase section */

/* Begin PBXTargetDependency section */
		54F92582225BFEF5008F879B /* PBXTargetDependency */ = {
			isa = PBXTargetDependency;
			target = 54F9256B225BFEF0008F879B /* Tipper */;
			targetProxy = 54F92581225BFEF5008F879B /* PBXContainerItemProxy */;
		};
		54F9258D225BFEF5008F879B /* PBXTargetDependency */ = {
			isa = PBXTargetDependency;
			target = 54F9256B225BFEF0008F879B /* Tipper */;
			targetProxy = 54F9258C225BFEF5008F879B /* PBXContainerItemProxy */;
		};
/* End PBXTargetDependency section */

/* Begin PBXVariantGroup section */
		54F92573225BFEF1008F879B /* Main.storyboard */ = {
			isa = PBXVariantGroup;
			children = (
				54F92574225BFEF1008F879B /* Base */,
			);
			name = Main.storyboard;
			sourceTree = "<group>";
		};
		54F92578225BFEF5008F879B /* LaunchScreen.storyboard */ = {
			isa = PBXVariantGroup;
			children = (
				54F92579225BFEF5008F879B /* Base */,
			);
			name = LaunchScreen.storyboard;
			sourceTree = "<group>";
		};
/* End PBXVariantGroup section */

/* Begin XCBuildConfiguration section */
		54F92592225BFEF5008F879B /* Debug */ = {
			isa = XCBuildConfiguration;
			buildSettings = {
				ALWAYS_SEARCH_USER_PATHS = NO;
				CLANG_ANALYZER_NONNULL = YES;
				CLANG_ANALYZER_NUMBER_OBJECT_CONVERSION = YES_AGGRESSIVE;
				CLANG_CXX_LANGUAGE_STANDARD = "gnu++14";
				CLANG_CXX_LIBRARY = "libc++";
				CLANG_ENABLE_MODULES = YES;
				CLANG_ENABLE_OBJC_ARC = YES;
				CLANG_ENABLE_OBJC_WEAK = YES;
				CLANG_WARN_BLOCK_CAPTURE_AUTORELEASING = YES;
				CLANG_WARN_BOOL_CONVERSION = YES;
				CLANG_WARN_COMMA = YES;
				CLANG_WARN_CONSTANT_CONVERSION = YES;
				CLANG_WARN_DEPRECATED_OBJC_IMPLEMENTATIONS = YES;
				CLANG_WARN_DIRECT_OBJC_ISA_USAGE = YES_ERROR;
				CLANG_WARN_DOCUMENTATION_COMMENTS = YES;
				CLANG_WARN_EMPTY_BODY = YES;
				CLANG_WARN_ENUM_CONVERSION = YES;
				CLANG_WARN_INFINITE_RECURSION = YES;
				CLANG_WARN_INT_CONVERSION = YES;
				CLANG_WARN_NON_LITERAL_NULL_CONVERSION = YES;
				CLANG_WARN_OBJC_IMPLICIT_RETAIN_SELF = YES;
				CLANG_WARN_OBJC_LITERAL_CONVERSION = YES;
				CLANG_WARN_OBJC_ROOT_CLASS = YES_ERROR;
				CLANG_WARN_RANGE_LOOP_ANALYSIS = YES;
				CLANG_WARN_STRICT_PROTOTYPES = YES;
				CLANG_WARN_SUSPICIOUS_MOVE = YES;
				CLANG_WARN_UNGUARDED_AVAILABILITY = YES_AGGRESSIVE;
				CLANG_WARN_UNREACHABLE_CODE = YES;
				CLANG_WARN__DUPLICATE_METHOD_MATCH = YES;
				CODE_SIGN_IDENTITY = "iPhone Developer";
				COPY_PHASE_STRIP = NO;
				DEBUG_INFORMATION_FORMAT = dwarf;
				ENABLE_STRICT_OBJC_MSGSEND = YES;
				ENABLE_TESTABILITY = YES;
				GCC_C_LANGUAGE_STANDARD = gnu11;
				GCC_DYNAMIC_NO_PIC = NO;
				GCC_NO_COMMON_BLOCKS = YES;
				GCC_OPTIMIZATION_LEVEL = 0;
				GCC_PREPROCESSOR_DEFINITIONS = (
					"DEBUG=1",
					"$(inherited)",
				);
				GCC_WARN_64_TO_32_BIT_CONVERSION = YES;
				GCC_WARN_ABOUT_RETURN_TYPE = YES_ERROR;
				GCC_WARN_UNDECLARED_SELECTOR = YES;
				GCC_WARN_UNINITIALIZED_AUTOS = YES_AGGRESSIVE;
				GCC_WARN_UNUSED_FUNCTION = YES;
				GCC_WARN_UNUSED_VARIABLE = YES;
				IPHONEOS_DEPLOYMENT_TARGET = 12.2;
				MTL_ENABLE_DEBUG_INFO = INCLUDE_SOURCE;
				MTL_FAST_MATH = YES;
				ONLY_ACTIVE_ARCH = YES;
				SDKROOT = iphoneos;
				SWIFT_ACTIVE_COMPILATION_CONDITIONS = DEBUG;
				SWIFT_OPTIMIZATION_LEVEL = "-Onone";
			};
			name = Debug;
		};
		54F92593225BFEF5008F879B /* Release */ = {
			isa = XCBuildConfiguration;
			buildSettings = {
				ALWAYS_SEARCH_USER_PATHS = NO;
				CLANG_ANALYZER_NONNULL = YES;
				CLANG_ANALYZER_NUMBER_OBJECT_CONVERSION = YES_AGGRESSIVE;
				CLANG_CXX_LANGUAGE_STANDARD = "gnu++14";
				CLANG_CXX_LIBRARY = "libc++";
				CLANG_ENABLE_MODULES = YES;
				CLANG_ENABLE_OBJC_ARC = YES;
				CLANG_ENABLE_OBJC_WEAK = YES;
				CLANG_WARN_BLOCK_CAPTURE_AUTORELEASING = YES;
				CLANG_WARN_BOOL_CONVERSION = YES;
				CLANG_WARN_COMMA = YES;
				CLANG_WARN_CONSTANT_CONVERSION = YES;
				CLANG_WARN_DEPRECATED_OBJC_IMPLEMENTATIONS = YES;
				CLANG_WARN_DIRECT_OBJC_ISA_USAGE = YES_ERROR;
				CLANG_WARN_DOCUMENTATION_COMMENTS = YES;
				CLANG_WARN_EMPTY_BODY = YES;
				CLANG_WARN_ENUM_CONVERSION = YES;
				CLANG_WARN_INFINITE_RECURSION = YES;
				CLANG_WARN_INT_CONVERSION = YES;
				CLANG_WARN_NON_LITERAL_NULL_CONVERSION = YES;
				CLANG_WARN_OBJC_IMPLICIT_RETAIN_SELF = YES;
				CLANG_WARN_OBJC_LITERAL_CONVERSION = YES;
				CLANG_WARN_OBJC_ROOT_CLASS = YES_ERROR;
				CLANG_WARN_RANGE_LOOP_ANALYSIS = YES;
				CLANG_WARN_STRICT_PROTOTYPES = YES;
				CLANG_WARN_SUSPICIOUS_MOVE = YES;
				CLANG_WARN_UNGUARDED_AVAILABILITY = YES_AGGRESSIVE;
				CLANG_WARN_UNREACHABLE_CODE = YES;
				CLANG_WARN__DUPLICATE_METHOD_MATCH = YES;
				CODE_SIGN_IDENTITY = "iPhone Developer";
				COPY_PHASE_STRIP = NO;
				DEBUG_INFORMATION_FORMAT = "dwarf-with-dsym";
				ENABLE_NS_ASSERTIONS = NO;
				ENABLE_STRICT_OBJC_MSGSEND = YES;
				GCC_C_LANGUAGE_STANDARD = gnu11;
				GCC_NO_COMMON_BLOCKS = YES;
				GCC_WARN_64_TO_32_BIT_CONVERSION = YES;
				GCC_WARN_ABOUT_RETURN_TYPE = YES_ERROR;
				GCC_WARN_UNDECLARED_SELECTOR = YES;
				GCC_WARN_UNINITIALIZED_AUTOS = YES_AGGRESSIVE;
				GCC_WARN_UNUSED_FUNCTION = YES;
				GCC_WARN_UNUSED_VARIABLE = YES;
				IPHONEOS_DEPLOYMENT_TARGET = 12.2;
				MTL_ENABLE_DEBUG_INFO = NO;
				MTL_FAST_MATH = YES;
				SDKROOT = iphoneos;
				SWIFT_COMPILATION_MODE = wholemodule;
				SWIFT_OPTIMIZATION_LEVEL = "-O";
				VALIDATE_PRODUCT = YES;
			};
			name = Release;
		};
		54F92595225BFEF5008F879B /* Debug */ = {
			isa = XCBuildConfiguration;
			buildSettings = {
				ASSETCATALOG_COMPILER_APPICON_NAME = AppIcon;
				CODE_SIGN_STYLE = Automatic;
				INFOPLIST_FILE = Tipper/Info.plist;
				LD_RUNPATH_SEARCH_PATHS = (
					"$(inherited)",
					"@executable_path/Frameworks",
				);
				PRODUCT_BUNDLE_IDENTIFIER = md.Tipper;
				PRODUCT_NAME = "$(TARGET_NAME)";
				SWIFT_VERSION = 5.0;
				TARGETED_DEVICE_FAMILY = "1,2";
			};
			name = Debug;
		};
		54F92596225BFEF5008F879B /* Release */ = {
			isa = XCBuildConfiguration;
			buildSettings = {
				ASSETCATALOG_COMPILER_APPICON_NAME = AppIcon;
				CODE_SIGN_STYLE = Automatic;
				INFOPLIST_FILE = Tipper/Info.plist;
				LD_RUNPATH_SEARCH_PATHS = (
					"$(inherited)",
					"@executable_path/Frameworks",
				);
				PRODUCT_BUNDLE_IDENTIFIER = md.Tipper;
				PRODUCT_NAME = "$(TARGET_NAME)";
				SWIFT_VERSION = 5.0;
				TARGETED_DEVICE_FAMILY = "1,2";
			};
			name = Release;
		};
		54F92598225BFEF5008F879B /* Debug */ = {
			isa = XCBuildConfiguration;
			buildSettings = {
				ALWAYS_EMBED_SWIFT_STANDARD_LIBRARIES = YES;
				BUNDLE_LOADER = "$(TEST_HOST)";
				CODE_SIGN_STYLE = Automatic;
				INFOPLIST_FILE = TipperTests/Info.plist;
				LD_RUNPATH_SEARCH_PATHS = (
					"$(inherited)",
					"@executable_path/Frameworks",
					"@loader_path/Frameworks",
				);
				PRODUCT_BUNDLE_IDENTIFIER = md.TipperTests;
				PRODUCT_NAME = "$(TARGET_NAME)";
				SWIFT_VERSION = 5.0;
				TARGETED_DEVICE_FAMILY = "1,2";
				TEST_HOST = "$(BUILT_PRODUCTS_DIR)/Tipper.app/Tipper";
			};
			name = Debug;
		};
		54F92599225BFEF5008F879B /* Release */ = {
			isa = XCBuildConfiguration;
			buildSettings = {
				ALWAYS_EMBED_SWIFT_STANDARD_LIBRARIES = YES;
				BUNDLE_LOADER = "$(TEST_HOST)";
				CODE_SIGN_STYLE = Automatic;
				INFOPLIST_FILE = TipperTests/Info.plist;
				LD_RUNPATH_SEARCH_PATHS = (
					"$(inherited)",
					"@executable_path/Frameworks",
					"@loader_path/Frameworks",
				);
				PRODUCT_BUNDLE_IDENTIFIER = md.TipperTests;
				PRODUCT_NAME = "$(TARGET_NAME)";
				SWIFT_VERSION = 5.0;
				TARGETED_DEVICE_FAMILY = "1,2";
				TEST_HOST = "$(BUILT_PRODUCTS_DIR)/Tipper.app/Tipper";
			};
			name = Release;
		};
		54F9259B225BFEF5008F879B /* Debug */ = {
			isa = XCBuildConfiguration;
			buildSettings = {
				ALWAYS_EMBED_SWIFT_STANDARD_LIBRARIES = YES;
				CODE_SIGN_STYLE = Automatic;
				INFOPLIST_FILE = TipperUITests/Info.plist;
				LD_RUNPATH_SEARCH_PATHS = (
					"$(inherited)",
					"@executable_path/Frameworks",
					"@loader_path/Frameworks",
				);
				PRODUCT_BUNDLE_IDENTIFIER = md.TipperUITests;
				PRODUCT_NAME = "$(TARGET_NAME)";
				SWIFT_VERSION = 5.0;
				TARGETED_DEVICE_FAMILY = "1,2";
				TEST_TARGET_NAME = Tipper;
			};
			name = Debug;
		};
		54F9259C225BFEF5008F879B /* Release */ = {
			isa = XCBuildConfiguration;
			buildSettings = {
				ALWAYS_EMBED_SWIFT_STANDARD_LIBRARIES = YES;
				CODE_SIGN_STYLE = Automatic;
				INFOPLIST_FILE = TipperUITests/Info.plist;
				LD_RUNPATH_SEARCH_PATHS = (
					"$(inherited)",
					"@executable_path/Frameworks",
					"@loader_path/Frameworks",
				);
				PRODUCT_BUNDLE_IDENTIFIER = md.TipperUITests;
				PRODUCT_NAME = "$(TARGET_NAME)";
				SWIFT_VERSION = 5.0;
				TARGETED_DEVICE_FAMILY = "1,2";
				TEST_TARGET_NAME = Tipper;
			};
			name = Release;
		};
/* End XCBuildConfiguration section */

/* Begin XCConfigurationList section */
		54F92567225BFEF0008F879B /* Build configuration list for PBXProject "Tipper" */ = {
			isa = XCConfigurationList;
			buildConfigurations = (
				54F92592225BFEF5008F879B /* Debug */,
				54F92593225BFEF5008F879B /* Release */,
			);
			defaultConfigurationIsVisible = 0;
			defaultConfigurationName = Release;
		};
		54F92594225BFEF5008F879B /* Build configuration list for PBXNativeTarget "Tipper" */ = {
			isa = XCConfigurationList;
			buildConfigurations = (
				54F92595225BFEF5008F879B /* Debug */,
				54F92596225BFEF5008F879B /* Release */,
			);
			defaultConfigurationIsVisible = 0;
			defaultConfigurationName = Release;
		};
		54F92597225BFEF5008F879B /* Build configuration list for PBXNativeTarget "TipperTests" */ = {
			isa = XCConfigurationList;
			buildConfigurations = (
				54F92598225BFEF5008F879B /* Debug */,
				54F92599225BFEF5008F879B /* Release */,
			);
			defaultConfigurationIsVisible = 0;
			defaultConfigurationName = Release;
		};
		54F9259A225BFEF5008F879B /* Build configuration list for PBXNativeTarget "TipperUITests" */ = {
			isa = XCConfigurationList;
			buildConfigurations = (
				54F9259B225BFEF5008F879B /* Debug */,
				54F9259C225BFEF5008F879B /* Release */,
			);
			defaultConfigurationIsVisible = 0;
			defaultConfigurationName = Release;
		};
/* End XCConfigurationList section */
	};
	rootObject = 54F92564225BFEF0008F879B /* Project object */;
}
